
Microsoft Visual Studio Solution File, Format Version 12.00
# Visual Studio Version 16
VisualStudioVersion = 16.0.28809.33
MinimumVisualStudioVersion = 10.0.40219.1
Project("{FAE04EC0-301F-11D3-BF4B-00C04F79EFBC}") = "TNDataManager", "TNDataManager\TNDataManager.csproj", "{635AB257-A85C-4226-9B44-83EC34EB39D4}"
EndProject
Project("{00D1A9C2-B5F0-4AF3-8072-F6C62B433612}") = "TeacherNotepadData", "TeacherNotepadData\TeacherNotepadData.sqlproj", "{26E7D25C-67D7-400D-B988-2F443B47929C}"
EndProject
Project("{FAE04EC0-301F-11D3-BF4B-00C04F79EFBC}") = "TNUserInterface", "TNUserInterface\TNUserInterface.csproj", "{440B687A-16B6-48EB-9B68-DE6A602EB3E4}"
EndProject
Global
	GlobalSection(SolutionConfigurationPlatforms) = preSolution
		Debug|Any CPU = Debug|Any CPU
		Release|Any CPU = Release|Any CPU
	EndGlobalSection
	GlobalSection(ProjectConfigurationPlatforms) = postSolution
		{635AB257-A85C-4226-9B44-83EC34EB39D4}.Debug|Any CPU.ActiveCfg = Debug|Any CPU
		{635AB257-A85C-4226-9B44-83EC34EB39D4}.Debug|Any CPU.Build.0 = Debug|Any CPU
		{635AB257-A85C-4226-9B44-83EC34EB39D4}.Release|Any CPU.ActiveCfg = Release|Any CPU
		{635AB257-A85C-4226-9B44-83EC34EB39D4}.Release|Any CPU.Build.0 = Release|Any CPU
		{26E7D25C-67D7-400D-B988-2F443B47929C}.Debug|Any CPU.ActiveCfg = Debug|Any CPU
		{26E7D25C-67D7-400D-B988-2F443B47929C}.Debug|Any CPU.Build.0 = Debug|Any CPU
		{26E7D25C-67D7-400D-B988-2F443B47929C}.Debug|Any CPU.Deploy.0 = Debug|Any CPU
		{26E7D25C-67D7-400D-B988-2F443B47929C}.Release|Any CPU.ActiveCfg = Release|Any CPU
		{26E7D25C-67D7-400D-B988-2F443B47929C}.Release|Any CPU.Build.0 = Release|Any CPU
		{26E7D25C-67D7-400D-B988-2F443B47929C}.Release|Any CPU.Deploy.0 = Release|Any CPU
		{440B687A-16B6-48EB-9B68-DE6A602EB3E4}.Debug|Any CPU.ActiveCfg = Debug|Any CPU
		{440B687A-16B6-48EB-9B68-DE6A602EB3E4}.Debug|Any CPU.Build.0 = Debug|Any CPU
		{440B687A-16B6-48EB-9B68-DE6A602EB3E4}.Release|Any CPU.ActiveCfg = Release|Any CPU
		{440B687A-16B6-48EB-9B68-DE6A602EB3E4}.Release|Any CPU.Build.0 = Release|Any CPU
	EndGlobalSection
	GlobalSection(SolutionProperties) = preSolution
		HideSolutionNode = FALSE
	EndGlobalSection
	GlobalSection(ExtensibilityGlobals) = postSolution
		SolutionGuid = {137941D4-4570-4CB7-AA7B-C0A1A5499D20}
	EndGlobalSection
EndGlobal
